<?xml version="1.0" encoding="utf-8"?>
<Project ToolsVersion="4.0" xmlns="http://schemas.microsoft.com/developer/msbuild/2003">
  <ItemGroup>
    <Filter Include="Source Files">
      <UniqueIdentifier>{4FC737F1-C7A5-4376-A066-2A32D752A2FF}</UniqueIdentifier>
      <Extensions>cpp;c;cc;cxx;def;odl;idl;hpj;bat;asm;asmx</Extensions>
    </Filter>
    <Filter Include="Header Files">
      <UniqueIdentifier>{93995380-89BD-4b04-88EB-625FBE52EBFB}</UniqueIdentifier>
      <Extensions>h;hh;hpp;hxx;hm;inl;inc;xsd</Extensions>
    </Filter>
    <Filter Include="Resource Files">
      <UniqueIdentifier>{67DA6AB6-F800-4c08-8B7A-83BB121AAD01}</UniqueIdentifier>
      <Extensions>rc;ico;cur;bmp;dlg;rc2;rct;bin;rgs;gif;jpg;jpeg;jpe;resx;tiff;tif;png;wav;mfcribbon-ms</Extensions>
    </Filter>
  </ItemGroup>
  <ItemGroup>
    <None Include="VoyagerOS.ino" />
  </ItemGroup>
  <ItemGroup>
    <ClInclude Include="__vm\.VoyagerOS.vsarduino.h">
      <Filter>Header Files</Filter>
    </ClInclude>
    <ClInclude Include="CLI.h">
      <Filter>Header Files</Filter>
    </ClInclude>
    <ClInclude Include="AP_Math.h">
      <Filter>Header Files</Filter>
    </ClInclude>
    <ClInclude Include="Mission.h">
      <Filter>Header Files</Filter>
    </ClInclude>
    <ClInclude Include="Misc.h">
      <Filter>Header Files</Filter>
    </ClInclude>
    <ClInclude Include="vector2.h">
      <Filter>Header Files</Filter>
    </ClInclude>
    <ClInclude Include="Waypoints.h">
      <Filter>Header Files</Filter>
    </ClInclude>
    <ClInclude Include="TinyGPS++.h">
      <Filter>Header Files</Filter>
    </ClInclude>
    <ClInclude Include="GPS.h">
      <Filter>Header Files</Filter>
    </ClInclude>
    <ClInclude Include="configValues.h">
      <Filter>Header Files</Filter>
    </ClInclude>
    <ClInclude Include="TelemetryLogging.h">
      <Filter>Header Files</Filter>
    </ClInclude>
    <ClInclude Include="SchedulerCooperative.h">
      <Filter>Header Files</Filter>
    </ClInclude>
    <ClInclude Include="eepromAnything.h">
      <Filter>Header Files</Filter>
    </ClInclude>
    <ClInclude Include="Navigation.h">
      <Filter>Header Files</Filter>
    </ClInclude>
    <ClInclude Include="location.h">
      <Filter>Header Files</Filter>
    </ClInclude>
    <ClInclude Include="SailingNavigation.h">
      <Filter>Header Files</Filter>
    </ClInclude>
    <ClInclude Include="LEDHeartBeat.h">
      <Filter>Header Files</Filter>
    </ClInclude>
    <ClInclude Include="Filters.h">
      <Filter>Header Files</Filter>
    </ClInclude>
    <ClInclude Include="SDCardLogFile.h">
      <Filter>Header Files</Filter>
    </ClInclude>
    <ClInclude Include="RadioControl.h">
      <Filter>Header Files</Filter>
    </ClInclude>
    <ClInclude Include="CommandState_Processor.h">
      <Filter>Header Files</Filter>
    </ClInclude>
    <ClInclude Include="Steering.h">
      <Filter>Header Files</Filter>
    </ClInclude>
    <ClInclude Include="PID_v1.h">
      <Filter>Header Files</Filter>
    </ClInclude>
    <ClInclude Include="vector.h">
      <Filter>Header Files</Filter>
    </ClInclude>
    <ClInclude Include="gfxfont.h">
      <Filter>Header Files</Filter>
    </ClInclude>
    <ClInclude Include="OLED_Logging.h">
      <Filter>Header Files</Filter>
    </ClInclude>
    <ClInclude Include="Local_Display.h">
      <Filter>Header Files</Filter>
    </ClInclude>
    <ClInclude Include="Loiter.h">
      <Filter>Header Files</Filter>
    </ClInclude>
    <ClInclude Include="SparkFun_I2C_GPS_Arduino_Library.h">
      <Filter>Header Files</Filter>
    </ClInclude>
    <ClInclude Include="Wingsail.h">
      <Filter>Header Files</Filter>
    </ClInclude>
    <ClInclude Include="BluetoothConnection.h">
      <Filter>Header Files</Filter>
    </ClInclude>
    <ClInclude Include="MPU9250.h">
      <Filter>Header Files</Filter>
    </ClInclude>
    <ClInclude Include="WindAngle_2950.h">
      <Filter>Header Files</Filter>
    </ClInclude>
    <ClInclude Include="Adafruit_INA219.h">
      <Filter>Header Files</Filter>
    </ClInclude>
    <ClInclude Include="VI_Measurement.h">
      <Filter>Header Files</Filter>
    </ClInclude>
    <ClInclude Include="WearTracking.h">
      <Filter>Header Files</Filter>
    </ClInclude>
    <ClInclude Include="PowerManagement.h">
      <Filter>Header Files</Filter>
    </ClInclude>
    <ClInclude Include="EM7180.h">
      <Filter>Header Files</Filter>
    </ClInclude>
    <ClInclude Include="I2Cdev.h">
      <Filter>Header Files</Filter>
    </ClInclude>
    <ClInclude Include="USFS_config.h">
      <Filter>Header Files</Filter>
    </ClInclude>
    <ClInclude Include="USFS_def.h">
      <Filter>Header Files</Filter>
    </ClInclude>
    <ClInclude Include="USFS_IMU.h">
      <Filter>Header Files</Filter>
    </ClInclude>
    <ClInclude Include="GPS_Temp.h">
      <Filter>Header Files</Filter>
    </ClInclude>
    <ClInclude Include="Vector2a.h">
      <Filter>Header Files</Filter>
    </ClInclude>
    <ClInclude Include="TelemetryMessages.h">
      <Filter>Header Files</Filter>
    </ClInclude>
    <ClInclude Include="sim_weather.h">
      <Filter>Header Files</Filter>
    </ClInclude>
    <ClInclude Include="sim_vessel.h">
      <Filter>Header Files</Filter>
    </ClInclude>
    <ClInclude Include="Adafruit_GFX.h">
      <Filter>Source Files</Filter>
    </ClInclude>
    <ClInclude Include="Adafruit_SSD1306.h">
      <Filter>Source Files</Filter>
    </ClInclude>
  </ItemGroup>
  <ItemGroup>
    <ClCompile Include="CLI.cpp">
      <Filter>Source Files</Filter>
    </ClCompile>
    <ClCompile Include="AP_Math.cpp">
      <Filter>Source Files</Filter>
    </ClCompile>
    <ClCompile Include="Mission.cpp">
      <Filter>Source Files</Filter>
    </ClCompile>
    <ClCompile Include="vector2.cpp">
      <Filter>Source Files</Filter>
    </ClCompile>
    <ClCompile Include="Waypoints.cpp">
      <Filter>Source Files</Filter>
    </ClCompile>
    <ClCompile Include="TinyGPS++.cpp">
      <Filter>Source Files</Filter>
    </ClCompile>
    <ClCompile Include="GPS.cpp">
      <Filter>Source Files</Filter>
    </ClCompile>
    <ClCompile Include="location.cpp">
      <Filter>Source Files</Filter>
    </ClCompile>
    <ClCompile Include="configValues.cpp">
      <Filter>Source Files</Filter>
    </ClCompile>
    <ClCompile Include="TelemetryLogging.cpp">
      <Filter>Source Files</Filter>
    </ClCompile>
    <ClCompile Include="SchedulerCooperative.cpp">
      <Filter>Source Files</Filter>
    </ClCompile>
    <ClCompile Include="Navigation.cpp">
      <Filter>Source Files</Filter>
    </ClCompile>
    <ClCompile Include="SailingNavigation.cpp">
      <Filter>Source Files</Filter>
    </ClCompile>
    <ClCompile Include="LEDHeartBeat.cpp">
      <Filter>Source Files</Filter>
    </ClCompile>
    <ClCompile Include="Filters.cpp">
      <Filter>Source Files</Filter>
    </ClCompile>
    <ClCompile Include="SDCardLogFile.cpp">
      <Filter>Source Files</Filter>
    </ClCompile>
    <ClCompile Include="RadioControl.cpp">
      <Filter>Source Files</Filter>
    </ClCompile>
    <ClCompile Include="CommandState_Processor.cpp">
      <Filter>Source Files</Filter>
    </ClCompile>
    <ClCompile Include="Steering.cpp">
      <Filter>Source Files</Filter>
    </ClCompile>
    <ClCompile Include="PID_v1.cpp">
      <Filter>Source Files</Filter>
    </ClCompile>
    <ClCompile Include="glcdfont.c">
      <Filter>Source Files</Filter>
    </ClCompile>
    <ClCompile Include="OLED_Logging.cpp">
      <Filter>Source Files</Filter>
    </ClCompile>
    <ClCompile Include="Local_Display.cpp">
      <Filter>Source Files</Filter>
    </ClCompile>
    <ClCompile Include="Loiter.cpp">
      <Filter>Source Files</Filter>
    </ClCompile>
    <ClCompile Include="SparkFun_I2C_GPS_Arduino_Library.cpp">
      <Filter>Source Files</Filter>
    </ClCompile>
    <ClCompile Include="Wingsail.cpp">
      <Filter>Source Files</Filter>
    </ClCompile>
    <ClCompile Include="BluetoothConnection.cpp">
      <Filter>Source Files</Filter>
    </ClCompile>
    <ClCompile Include="MPU9250.cpp">
      <Filter>Source Files</Filter>
    </ClCompile>
    <ClCompile Include="WindAngle_2950.cpp">
      <Filter>Source Files</Filter>
    </ClCompile>
    <ClCompile Include="Adafruit_INA219.cpp">
      <Filter>Source Files</Filter>
    </ClCompile>
    <ClCompile Include="VI_Measurement.cpp">
      <Filter>Source Files</Filter>
    </ClCompile>
    <ClCompile Include="WearTracking.cpp">
      <Filter>Source Files</Filter>
    </ClCompile>
    <ClCompile Include="PowerManagement.cpp">
      <Filter>Source Files</Filter>
    </ClCompile>
    <ClCompile Include="EM7180.cpp">
      <Filter>Source Files</Filter>
    </ClCompile>
    <ClCompile Include="I2Cdev.cpp">
      <Filter>Source Files</Filter>
    </ClCompile>
    <ClCompile Include="USFS_IMU.cpp">
      <Filter>Source Files</Filter>
    </ClCompile>
    <ClCompile Include="GPS_Temp.cpp">
      <Filter>Source Files</Filter>
    </ClCompile>
    <ClCompile Include="TelemetryMessages.cpp">
      <Filter>Source Files</Filter>
    </ClCompile>
    <ClCompile Include="sim_weather.cpp">
      <Filter>Source Files</Filter>
    </ClCompile>
    <ClCompile Include="sim_vessel.cpp">
      <Filter>Source Files</Filter>
    </ClCompile>
    <ClCompile Include="Adafruit_GFX.cpp">
      <Filter>Source Files</Filter>
    </ClCompile>
    <ClCompile Include="Adafruit_SSD1306.cpp">
      <Filter>Source Files</Filter>
    </ClCompile>
  </ItemGroup>
</Project>